
Microsoft Visual Studio Solution File, Format Version 12.00
# Visual Studio 15
VisualStudioVersion = 15.0.27130.2036
MinimumVisualStudioVersion = 10.0.40219.1
Project("{FAE04EC0-301F-11D3-BF4B-00C04F79EFBC}") = "LAB7WebDesignTanelHelmik", "LAB7WebDesignTanelHelmik\LAB7WebDesignTanelHelmik.csproj", "{2F55EC45-14F7-40A5-9A49-F58CF14583C0}"
EndProject
Project("{FAE04EC0-301F-11D3-BF4B-00C04F79EFBC}") = "LAB7WebDesignTestProject", "LAB7WebDesignTestProject\LAB7WebDesignTestProject.csproj", "{0FD718B8-BA97-4143-9A8E-7C90365AF593}"
EndProject
Global
	GlobalSection(SolutionConfigurationPlatforms) = preSolution
		Debug|Any CPU = Debug|Any CPU
		Release|Any CPU = Release|Any CPU
	EndGlobalSection
	GlobalSection(ProjectConfigurationPlatforms) = postSolution
		{2F55EC45-14F7-40A5-9A49-F58CF14583C0}.Debug|Any CPU.ActiveCfg = Debug|Any CPU
		{2F55EC45-14F7-40A5-9A49-F58CF14583C0}.Debug|Any CPU.Build.0 = Debug|Any CPU
		{2F55EC45-14F7-40A5-9A49-F58CF14583C0}.Release|Any CPU.ActiveCfg = Release|Any CPU
		{2F55EC45-14F7-40A5-9A49-F58CF14583C0}.Release|Any CPU.Build.0 = Release|Any CPU
		{0FD718B8-BA97-4143-9A8E-7C90365AF593}.Debug|Any CPU.ActiveCfg = Debug|Any CPU
		{0FD718B8-BA97-4143-9A8E-7C90365AF593}.Debug|Any CPU.Build.0 = Debug|Any CPU
		{0FD718B8-BA97-4143-9A8E-7C90365AF593}.Release|Any CPU.ActiveCfg = Release|Any CPU
		{0FD718B8-BA97-4143-9A8E-7C90365AF593}.Release|Any CPU.Build.0 = Release|Any CPU
	EndGlobalSection
	GlobalSection(SolutionProperties) = preSolution
		HideSolutionNode = FALSE
	EndGlobalSection
	GlobalSection(ExtensibilityGlobals) = postSolution
		SolutionGuid = {3F00C24B-339E-40C0-B1FA-23E7ED8B3E84}
	EndGlobalSection
EndGlobal
